
Microsoft Visual Studio Solution File, Format Version 12.00
# Visual Studio Version 16
VisualStudioVersion = 16.0.31515.178
MinimumVisualStudioVersion = 10.0.40219.1
Project("{8BC9CEB8-8B4A-11D0-8D11-00A0C91BC942}") = "Dll1", "Dll1\Dll1.vcxproj", "{7F295AF5-388A-4C02-BD05-EA6BBC3D3C8F}"
EndProject
Global
	GlobalSection(SolutionConfigurationPlatforms) = preSolution
		Debug|x64 = Debug|x64
		Debug|x86 = Debug|x86
		Release|x64 = Release|x64
		Release|x86 = Release|x86
	EndGlobalSection
	GlobalSection(ProjectConfigurationPlatforms) = postSolution
		{7F295AF5-388A-4C02-BD05-EA6BBC3D3C8F}.Debug|x64.ActiveCfg = Debug|x64
		{7F295AF5-388A-4C02-BD05-EA6BBC3D3C8F}.Debug|x64.Build.0 = Debug|x64
		{7F295AF5-388A-4C02-BD05-EA6BBC3D3C8F}.Debug|x86.ActiveCfg = Debug|Win32
		{7F295AF5-388A-4C02-BD05-EA6BBC3D3C8F}.Debug|x86.Build.0 = Debug|Win32
		{7F295AF5-388A-4C02-BD05-EA6BBC3D3C8F}.Release|x64.ActiveCfg = Release|x64
		{7F295AF5-388A-4C02-BD05-EA6BBC3D3C8F}.Release|x64.Build.0 = Release|x64
		{7F295AF5-388A-4C02-BD05-EA6BBC3D3C8F}.Release|x86.ActiveCfg = Release|Win32
		{7F295AF5-388A-4C02-BD05-EA6BBC3D3C8F}.Release|x86.Build.0 = Release|Win32
	EndGlobalSection
	GlobalSection(SolutionProperties) = preSolution
		HideSolutionNode = FALSE
	EndGlobalSection
	GlobalSection(ExtensibilityGlobals) = postSolution
		SolutionGuid = {0A3077A2-8828-4F73-B039-6E84DB32C096}
	EndGlobalSection
EndGlobal
